// !$*UTF8*$!
{
	archiveVersion = 1;
	classes = {
	};
	objectVersion = 70;
	objects = {

/* Begin PBXBuildFile section */
		E11C075B2A9907F20024334E /* Assets.xcassets in Resources */ = {isa = PBXBuildFile; fileRef = E11C075A2A9907F20024334E /* Assets.xcassets */; };
		E1473E9C2CD7FF2D00D8303F /* DesignSystem in Frameworks */ = {isa = PBXBuildFile; productRef = E1473E9B2CD7FF2D00D8303F /* DesignSystem */; };
		E151F8912CCD9CAE0091FB0C /* Services in Frameworks */ = {isa = PBXBuildFile; productRef = E151F8902CCD9CAE0091FB0C /* Services */; };
		E151F8932CCD9CBA0091FB0C /* Models in Frameworks */ = {isa = PBXBuildFile; productRef = E151F8922CCD9CBA0091FB0C /* Models */; };
		E1A5C2AE2ABA6BF30088D5F3 /* UIApplication+Version.swift in Sources */ = {isa = PBXBuildFile; fileRef = E1A5C2AD2ABA6BF30088D5F3 /* UIApplication+Version.swift */; };
		E1B5895D2AABAC1C00E64F18 /* Secrets.swift in Sources */ = {isa = PBXBuildFile; fileRef = E1B5895C2AABAC1C00E64F18 /* Secrets.swift */; };
/* End PBXBuildFile section */

/* Begin PBXFileReference section */
		E117D4032CD7FEB4001BE0D6 /* DesignSystem */ = {isa = PBXFileReference; lastKnownFileType = wrapper; name = DesignSystem; path = Packages/DesignSystem; sourceTree = "<group>"; };
		E11C07532A9907F00024334E /* KFinder.app */ = {isa = PBXFileReference; explicitFileType = wrapper.application; includeInIndex = 0; path = KFinder.app; sourceTree = BUILT_PRODUCTS_DIR; };
		E11C075A2A9907F20024334E /* Assets.xcassets */ = {isa = PBXFileReference; lastKnownFileType = folder.assetcatalog; path = Assets.xcassets; sourceTree = "<group>"; };
		E151F8832CCD8D2A0091FB0C /* Models */ = {isa = PBXFileReference; lastKnownFileType = wrapper; name = Models; path = Packages/Models; sourceTree = "<group>"; };
		E151F8842CCD8D600091FB0C /* Services */ = {isa = PBXFileReference; lastKnownFileType = wrapper; name = Services; path = Packages/Services; sourceTree = "<group>"; };
		E1A3C3572CCEF83600579D94 /* KFinder.entitlements */ = {isa = PBXFileReference; lastKnownFileType = text.plist.entitlements; path = KFinder.entitlements; sourceTree = "<group>"; };
		E1A5C2AD2ABA6BF30088D5F3 /* UIApplication+Version.swift */ = {isa = PBXFileReference; lastKnownFileType = sourcecode.swift; path = "UIApplication+Version.swift"; sourceTree = "<group>"; };
		E1B5895B2AABA9D800E64F18 /* Secrets.xcconfig */ = {isa = PBXFileReference; lastKnownFileType = text.xcconfig; path = Secrets.xcconfig; sourceTree = "<group>"; };
		E1B5895C2AABAC1C00E64F18 /* Secrets.swift */ = {isa = PBXFileReference; lastKnownFileType = sourcecode.swift; path = Secrets.swift; sourceTree = "<group>"; };
		E1B5895E2AABAE4D00E64F18 /* Info.plist */ = {isa = PBXFileReference; lastKnownFileType = text.plist; path = Info.plist; sourceTree = "<group>"; };
/* End PBXFileReference section */

/* Begin PBXFileSystemSynchronizedRootGroup section */
		E117D1EB2CD6E409001BE0D6 /* Settings */ = {isa = PBXFileSystemSynchronizedRootGroup; explicitFileTypes = {}; explicitFolders = (); path = Settings; sourceTree = "<group>"; };
		E11F8AE72CD475B800D59181 /* Main */ = {isa = PBXFileSystemSynchronizedRootGroup; explicitFileTypes = {}; explicitFolders = (); path = Main; sourceTree = "<group>"; };
		E11F8AE82CD475C300D59181 /* Tabs */ = {isa = PBXFileSystemSynchronizedRootGroup; explicitFileTypes = {}; explicitFolders = (); path = Tabs; sourceTree = "<group>"; };
		E11F8B022CD4760F00D59181 /* Resources */ = {isa = PBXFileSystemSynchronizedRootGroup; explicitFileTypes = {}; explicitFolders = (); path = Resources; sourceTree = "<group>"; };
/* End PBXFileSystemSynchronizedRootGroup section */

/* Begin PBXFrameworksBuildPhase section */
		E11C07502A9907F00024334E /* Frameworks */ = {
			isa = PBXFrameworksBuildPhase;
			buildActionMask = 2147483647;
			files = (
				E1473E9C2CD7FF2D00D8303F /* DesignSystem in Frameworks */,
				E151F8932CCD9CBA0091FB0C /* Models in Frameworks */,
				E151F8912CCD9CAE0091FB0C /* Services in Frameworks */,
			);
			runOnlyForDeploymentPostprocessing = 0;
		};
/* End PBXFrameworksBuildPhase section */

/* Begin PBXGroup section */
		E11C074A2A9907EF0024334E = {
			isa = PBXGroup;
			children = (
				E11C07552A9907F00024334E /* KFinder */,
				E11C07542A9907F00024334E /* Products */,
				E151F8852CCD8FF00091FB0C /* Frameworks */,
				E117D4032CD7FEB4001BE0D6 /* DesignSystem */,
				E151F8832CCD8D2A0091FB0C /* Models */,
				E151F8842CCD8D600091FB0C /* Services */,
			);
			sourceTree = "<group>";
		};
		E11C07542A9907F00024334E /* Products */ = {
			isa = PBXGroup;
			children = (
				E11C07532A9907F00024334E /* KFinder.app */,
			);
			name = Products;
			sourceTree = "<group>";
		};
		E11C07552A9907F00024334E /* KFinder */ = {
			isa = PBXGroup;
			children = (
				E1A3C3572CCEF83600579D94 /* KFinder.entitlements */,
				E1B589462AA7D45400E64F18 /* Application */,
				E11C075A2A9907F20024334E /* Assets.xcassets */,
				E1B5895E2AABAE4D00E64F18 /* Info.plist */,
				E11F8B022CD4760F00D59181 /* Resources */,
				E1A5C2AC2ABA6B090088D5F3 /* Support */,
				E1B5895B2AABA9D800E64F18 /* Secrets.xcconfig */,
			);
			path = KFinder;
			sourceTree = "<group>";
		};
		E151F8852CCD8FF00091FB0C /* Frameworks */ = {
			isa = PBXGroup;
			children = (
			);
			name = Frameworks;
			sourceTree = "<group>";
		};
		E1A5C2AC2ABA6B090088D5F3 /* Support */ = {
			isa = PBXGroup;
			children = (
				E1B5895C2AABAC1C00E64F18 /* Secrets.swift */,
				E1A5C2AD2ABA6BF30088D5F3 /* UIApplication+Version.swift */,
			);
			path = Support;
			sourceTree = "<group>";
		};
		E1B589462AA7D45400E64F18 /* Application */ = {
			isa = PBXGroup;
			children = (
				E11F8AE72CD475B800D59181 /* Main */,
				E117D1EB2CD6E409001BE0D6 /* Settings */,
				E11F8AE82CD475C300D59181 /* Tabs */,
			);
			path = Application;
			sourceTree = "<group>";
		};
/* End PBXGroup section */

/* Begin PBXNativeTarget section */
		E11C07522A9907F00024334E /* KFinder */ = {
			isa = PBXNativeTarget;
			buildConfigurationList = E11C07772A9907F30024334E /* Build configuration list for PBXNativeTarget "KFinder" */;
			buildPhases = (
				E11C074F2A9907F00024334E /* Sources */,
				E11C07502A9907F00024334E /* Frameworks */,
				E11C07512A9907F00024334E /* Resources */,
			);
			buildRules = (
			);
			dependencies = (
			);
			fileSystemSynchronizedGroups = (
				E117D1EB2CD6E409001BE0D6 /* Settings */,
				E11F8AE72CD475B800D59181 /* Main */,
				E11F8AE82CD475C300D59181 /* Tabs */,
				E11F8B022CD4760F00D59181 /* Resources */,
			);
			name = KFinder;
			packageProductDependencies = (
				E151F8902CCD9CAE0091FB0C /* Services */,
				E151F8922CCD9CBA0091FB0C /* Models */,
				E1473E9B2CD7FF2D00D8303F /* DesignSystem */,
			);
			productName = KFinder;
			productReference = E11C07532A9907F00024334E /* KFinder.app */;
			productType = "com.apple.product-type.application";
		};
/* End PBXNativeTarget section */

/* Begin PBXProject section */
		E11C074B2A9907EF0024334E /* Project object */ = {
			isa = PBXProject;
			attributes = {
				BuildIndependentTargetsInParallel = 1;
				LastSwiftUpdateCheck = 1430;
				LastUpgradeCheck = 1610;
				TargetAttributes = {
					E11C07522A9907F00024334E = {
						CreatedOnToolsVersion = 14.3.1;
					};
				};
			};
			buildConfigurationList = E11C074E2A9907EF0024334E /* Build configuration list for PBXProject "KFinder" */;
			compatibilityVersion = "Xcode 14.0";
			developmentRegion = en;
			hasScannedForEncodings = 0;
			knownRegions = (
				en,
				Base,
			);
			mainGroup = E11C074A2A9907EF0024334E;
			packageReferences = (
				E151F88A2CCD92C90091FB0C /* XCLocalSwiftPackageReference "KFinder/Packages/Models" */,
				E151F88D2CCD92E00091FB0C /* XCLocalSwiftPackageReference "KFinder/Packages/Services" */,
				E1473E9A2CD7FF2D00D8303F /* XCLocalSwiftPackageReference "Packages/DesignSystem" */,
			);
			productRefGroup = E11C07542A9907F00024334E /* Products */;
			projectDirPath = "";
			projectRoot = "";
			targets = (
				E11C07522A9907F00024334E /* KFinder */,
			);
		};
/* End PBXProject section */

/* Begin PBXResourcesBuildPhase section */
		E11C07512A9907F00024334E /* Resources */ = {
			isa = PBXResourcesBuildPhase;
			buildActionMask = 2147483647;
			files = (
				E11C075B2A9907F20024334E /* Assets.xcassets in Resources */,
			);
			runOnlyForDeploymentPostprocessing = 0;
		};
/* End PBXResourcesBuildPhase section */

/* Begin PBXSourcesBuildPhase section */
		E11C074F2A9907F00024334E /* Sources */ = {
			isa = PBXSourcesBuildPhase;
			buildActionMask = 2147483647;
			files = (
				E1B5895D2AABAC1C00E64F18 /* Secrets.swift in Sources */,
				E1A5C2AE2ABA6BF30088D5F3 /* UIApplication+Version.swift in Sources */,
			);
			runOnlyForDeploymentPostprocessing = 0;
		};
/* End PBXSourcesBuildPhase section */

/* Begin XCBuildConfiguration section */
		E11C07752A9907F30024334E /* Debug */ = {
			isa = XCBuildConfiguration;
			baseConfigurationReference = E1B5895B2AABA9D800E64F18 /* Secrets.xcconfig */;
			buildSettings = {
				ALWAYS_SEARCH_USER_PATHS = NO;
				ASSETCATALOG_COMPILER_GENERATE_SWIFT_ASSET_SYMBOL_EXTENSIONS = YES;
				CLANG_ANALYZER_NONNULL = YES;
				CLANG_ANALYZER_NUMBER_OBJECT_CONVERSION = YES_AGGRESSIVE;
				CLANG_CXX_LANGUAGE_STANDARD = "gnu++20";
				CLANG_ENABLE_MODULES = YES;
				CLANG_ENABLE_OBJC_ARC = YES;
				CLANG_ENABLE_OBJC_WEAK = YES;
				CLANG_WARN_BLOCK_CAPTURE_AUTORELEASING = YES;
				CLANG_WARN_BOOL_CONVERSION = YES;
				CLANG_WARN_COMMA = YES;
				CLANG_WARN_CONSTANT_CONVERSION = YES;
				CLANG_WARN_DEPRECATED_OBJC_IMPLEMENTATIONS = YES;
				CLANG_WARN_DIRECT_OBJC_ISA_USAGE = YES_ERROR;
				CLANG_WARN_DOCUMENTATION_COMMENTS = YES;
				CLANG_WARN_EMPTY_BODY = YES;
				CLANG_WARN_ENUM_CONVERSION = YES;
				CLANG_WARN_INFINITE_RECURSION = YES;
				CLANG_WARN_INT_CONVERSION = YES;
				CLANG_WARN_NON_LITERAL_NULL_CONVERSION = YES;
				CLANG_WARN_OBJC_IMPLICIT_RETAIN_SELF = YES;
				CLANG_WARN_OBJC_LITERAL_CONVERSION = YES;
				CLANG_WARN_OBJC_ROOT_CLASS = YES_ERROR;
				CLANG_WARN_QUOTED_INCLUDE_IN_FRAMEWORK_HEADER = YES;
				CLANG_WARN_RANGE_LOOP_ANALYSIS = YES;
				CLANG_WARN_STRICT_PROTOTYPES = YES;
				CLANG_WARN_SUSPICIOUS_MOVE = YES;
				CLANG_WARN_UNGUARDED_AVAILABILITY = YES_AGGRESSIVE;
				CLANG_WARN_UNREACHABLE_CODE = YES;
				CLANG_WARN__DUPLICATE_METHOD_MATCH = YES;
				COPY_PHASE_STRIP = NO;
				DEBUG_INFORMATION_FORMAT = dwarf;
				ENABLE_STRICT_OBJC_MSGSEND = YES;
				ENABLE_TESTABILITY = YES;
				ENABLE_USER_SCRIPT_SANDBOXING = YES;
				GCC_C_LANGUAGE_STANDARD = gnu11;
				GCC_DYNAMIC_NO_PIC = NO;
				GCC_NO_COMMON_BLOCKS = YES;
				GCC_OPTIMIZATION_LEVEL = 0;
				GCC_PREPROCESSOR_DEFINITIONS = (
					"DEBUG=1",
					"$(inherited)",
				);
				GCC_WARN_64_TO_32_BIT_CONVERSION = YES;
				GCC_WARN_ABOUT_RETURN_TYPE = YES_ERROR;
				GCC_WARN_UNDECLARED_SELECTOR = YES;
				GCC_WARN_UNINITIALIZED_AUTOS = YES_AGGRESSIVE;
				GCC_WARN_UNUSED_FUNCTION = YES;
				GCC_WARN_UNUSED_VARIABLE = YES;
				IPHONEOS_DEPLOYMENT_TARGET = 17.0;
				MTL_ENABLE_DEBUG_INFO = INCLUDE_SOURCE;
				MTL_FAST_MATH = YES;
				ONLY_ACTIVE_ARCH = YES;
				SDKROOT = iphoneos;
				SWIFT_ACTIVE_COMPILATION_CONDITIONS = DEBUG;
				SWIFT_OPTIMIZATION_LEVEL = "-Onone";
			};
			name = Debug;
		};
		E11C07762A9907F30024334E /* Release */ = {
			isa = XCBuildConfiguration;
			baseConfigurationReference = E1B5895B2AABA9D800E64F18 /* Secrets.xcconfig */;
			buildSettings = {
				ALWAYS_SEARCH_USER_PATHS = NO;
				ASSETCATALOG_COMPILER_GENERATE_SWIFT_ASSET_SYMBOL_EXTENSIONS = YES;
				CLANG_ANALYZER_NONNULL = YES;
				CLANG_ANALYZER_NUMBER_OBJECT_CONVERSION = YES_AGGRESSIVE;
				CLANG_CXX_LANGUAGE_STANDARD = "gnu++20";
				CLANG_ENABLE_MODULES = YES;
				CLANG_ENABLE_OBJC_ARC = YES;
				CLANG_ENABLE_OBJC_WEAK = YES;
				CLANG_WARN_BLOCK_CAPTURE_AUTORELEASING = YES;
				CLANG_WARN_BOOL_CONVERSION = YES;
				CLANG_WARN_COMMA = YES;
				CLANG_WARN_CONSTANT_CONVERSION = YES;
				CLANG_WARN_DEPRECATED_OBJC_IMPLEMENTATIONS = YES;
				CLANG_WARN_DIRECT_OBJC_ISA_USAGE = YES_ERROR;
				CLANG_WARN_DOCUMENTATION_COMMENTS = YES;
				CLANG_WARN_EMPTY_BODY = YES;
				CLANG_WARN_ENUM_CONVERSION = YES;
				CLANG_WARN_INFINITE_RECURSION = YES;
				CLANG_WARN_INT_CONVERSION = YES;
				CLANG_WARN_NON_LITERAL_NULL_CONVERSION = YES;
				CLANG_WARN_OBJC_IMPLICIT_RETAIN_SELF = YES;
				CLANG_WARN_OBJC_LITERAL_CONVERSION = YES;
				CLANG_WARN_OBJC_ROOT_CLASS = YES_ERROR;
				CLANG_WARN_QUOTED_INCLUDE_IN_FRAMEWORK_HEADER = YES;
				CLANG_WARN_RANGE_LOOP_ANALYSIS = YES;
				CLANG_WARN_STRICT_PROTOTYPES = YES;
				CLANG_WARN_SUSPICIOUS_MOVE = YES;
				CLANG_WARN_UNGUARDED_AVAILABILITY = YES_AGGRESSIVE;
				CLANG_WARN_UNREACHABLE_CODE = YES;
				CLANG_WARN__DUPLICATE_METHOD_MATCH = YES;
				COPY_PHASE_STRIP = NO;
				DEBUG_INFORMATION_FORMAT = "dwarf-with-dsym";
				ENABLE_NS_ASSERTIONS = NO;
				ENABLE_STRICT_OBJC_MSGSEND = YES;
				ENABLE_USER_SCRIPT_SANDBOXING = YES;
				GCC_C_LANGUAGE_STANDARD = gnu11;
				GCC_NO_COMMON_BLOCKS = YES;
				GCC_WARN_64_TO_32_BIT_CONVERSION = YES;
				GCC_WARN_ABOUT_RETURN_TYPE = YES_ERROR;
				GCC_WARN_UNDECLARED_SELECTOR = YES;
				GCC_WARN_UNINITIALIZED_AUTOS = YES_AGGRESSIVE;
				GCC_WARN_UNUSED_FUNCTION = YES;
				GCC_WARN_UNUSED_VARIABLE = YES;
				IPHONEOS_DEPLOYMENT_TARGET = 17.0;
				MTL_ENABLE_DEBUG_INFO = NO;
				MTL_FAST_MATH = YES;
				SDKROOT = iphoneos;
				SWIFT_COMPILATION_MODE = wholemodule;
				SWIFT_OPTIMIZATION_LEVEL = "-O";
				VALIDATE_PRODUCT = YES;
			};
			name = Release;
		};
		E11C07782A9907F30024334E /* Debug */ = {
			isa = XCBuildConfiguration;
			buildSettings = {
				ASSETCATALOG_COMPILER_APPICON_NAME = AppIcon;
				ASSETCATALOG_COMPILER_GLOBAL_ACCENT_COLOR_NAME = AccentColor;
				CODE_SIGN_ENTITLEMENTS = KFinder/KFinder.entitlements;
				CODE_SIGN_IDENTITY = "Apple Development";
				CODE_SIGN_STYLE = Automatic;
				CURRENT_PROJECT_VERSION = 1;
				DEVELOPMENT_ASSET_PATHS = "\"KFinder/Resources/Preview Content\"";
				DEVELOPMENT_TEAM = 94GENMY2GG;
				ENABLE_PREVIEWS = YES;
				GENERATE_INFOPLIST_FILE = YES;
				INFOPLIST_FILE = KFinder/Info.plist;
				INFOPLIST_KEY_LSApplicationCategoryType = "public.app-category.healthcare-fitness";
				INFOPLIST_KEY_UIApplicationSceneManifest_Generation = YES;
				INFOPLIST_KEY_UIApplicationSupportsIndirectInputEvents = YES;
				INFOPLIST_KEY_UILaunchScreen_Generation = YES;
				INFOPLIST_KEY_UISupportedInterfaceOrientations_iPad = "UIInterfaceOrientationPortrait UIInterfaceOrientationPortraitUpsideDown UIInterfaceOrientationLandscapeLeft UIInterfaceOrientationLandscapeRight";
				INFOPLIST_KEY_UISupportedInterfaceOrientations_iPhone = "UIInterfaceOrientationPortrait UIInterfaceOrientationLandscapeLeft UIInterfaceOrientationLandscapeRight";
				IPHONEOS_DEPLOYMENT_TARGET = 17.0;
				LD_RUNPATH_SEARCH_PATHS = (
					"$(inherited)",
					"@executable_path/Frameworks",
				);
				MARKETING_VERSION = 1.0.0;
				PRODUCT_BUNDLE_IDENTIFIER = dev.eclectic.KFinder;
				PRODUCT_NAME = "$(TARGET_NAME)";
				PROVISIONING_PROFILE_SPECIFIER = "";
				SWIFT_EMIT_LOC_STRINGS = YES;
				SWIFT_VERSION = 5.0;
				TARGETED_DEVICE_FAMILY = "1,2";
			};
			name = Debug;
		};
		E11C07792A9907F30024334E /* Release */ = {
			isa = XCBuildConfiguration;
			buildSettings = {
				ASSETCATALOG_COMPILER_APPICON_NAME = AppIcon;
				ASSETCATALOG_COMPILER_GLOBAL_ACCENT_COLOR_NAME = AccentColor;
				CODE_SIGN_ENTITLEMENTS = KFinder/KFinder.entitlements;
				CODE_SIGN_IDENTITY = "Apple Development";
				CODE_SIGN_STYLE = Automatic;
				CURRENT_PROJECT_VERSION = 1;
				DEVELOPMENT_ASSET_PATHS = "\"KFinder/Resources/Preview Content\"";
				DEVELOPMENT_TEAM = 94GENMY2GG;
				ENABLE_PREVIEWS = YES;
				GENERATE_INFOPLIST_FILE = YES;
				INFOPLIST_FILE = KFinder/Info.plist;
				INFOPLIST_KEY_LSApplicationCategoryType = "public.app-category.healthcare-fitness";
				INFOPLIST_KEY_UIApplicationSceneManifest_Generation = YES;
				INFOPLIST_KEY_UIApplicationSupportsIndirectInputEvents = YES;
				INFOPLIST_KEY_UILaunchScreen_Generation = YES;
				INFOPLIST_KEY_UISupportedInterfaceOrientations_iPad = "UIInterfaceOrientationPortrait UIInterfaceOrientationPortraitUpsideDown UIInterfaceOrientationLandscapeLeft UIInterfaceOrientationLandscapeRight";
				INFOPLIST_KEY_UISupportedInterfaceOrientations_iPhone = "UIInterfaceOrientationPortrait UIInterfaceOrientationLandscapeLeft UIInterfaceOrientationLandscapeRight";
				IPHONEOS_DEPLOYMENT_TARGET = 17.0;
				LD_RUNPATH_SEARCH_PATHS = (
					"$(inherited)",
					"@executable_path/Frameworks",
				);
				MARKETING_VERSION = 1.0.0;
				PRODUCT_BUNDLE_IDENTIFIER = dev.eclectic.KFinder;
				PRODUCT_NAME = "$(TARGET_NAME)";
				PROVISIONING_PROFILE_SPECIFIER = "";
				SWIFT_EMIT_LOC_STRINGS = YES;
				SWIFT_VERSION = 5.0;
				TARGETED_DEVICE_FAMILY = "1,2";
			};
			name = Release;
		};
/* End XCBuildConfiguration section */

/* Begin XCConfigurationList section */
		E11C074E2A9907EF0024334E /* Build configuration list for PBXProject "KFinder" */ = {
			isa = XCConfigurationList;
			buildConfigurations = (
				E11C07752A9907F30024334E /* Debug */,
				E11C07762A9907F30024334E /* Release */,
			);
			defaultConfigurationIsVisible = 0;
			defaultConfigurationName = Release;
		};
		E11C07772A9907F30024334E /* Build configuration list for PBXNativeTarget "KFinder" */ = {
			isa = XCConfigurationList;
			buildConfigurations = (
				E11C07782A9907F30024334E /* Debug */,
				E11C07792A9907F30024334E /* Release */,
			);
			defaultConfigurationIsVisible = 0;
			defaultConfigurationName = Release;
		};
/* End XCConfigurationList section */

/* Begin XCLocalSwiftPackageReference section */
		E1473E9A2CD7FF2D00D8303F /* XCLocalSwiftPackageReference "Packages/DesignSystem" */ = {
			isa = XCLocalSwiftPackageReference;
			relativePath = Packages/DesignSystem;
		};
		E151F88A2CCD92C90091FB0C /* XCLocalSwiftPackageReference "KFinder/Packages/Models" */ = {
			isa = XCLocalSwiftPackageReference;
			relativePath = KFinder/Packages/Models;
		};
		E151F88D2CCD92E00091FB0C /* XCLocalSwiftPackageReference "KFinder/Packages/Services" */ = {
			isa = XCLocalSwiftPackageReference;
			relativePath = KFinder/Packages/Services;
		};
/* End XCLocalSwiftPackageReference section */

/* Begin XCSwiftPackageProductDependency section */
		E1473E9B2CD7FF2D00D8303F /* DesignSystem */ = {
			isa = XCSwiftPackageProductDependency;
			productName = DesignSystem;
		};
		E151F8902CCD9CAE0091FB0C /* Services */ = {
			isa = XCSwiftPackageProductDependency;
			productName = Services;
		};
		E151F8922CCD9CBA0091FB0C /* Models */ = {
			isa = XCSwiftPackageProductDependency;
			productName = Models;
		};
/* End XCSwiftPackageProductDependency section */
	};
	rootObject = E11C074B2A9907EF0024334E /* Project object */;
}
