// !$*UTF8*$!
{
	archiveVersion = 1;
	classes = {
	};
	objectVersion = 56;
	objects = {

/* Begin PBXBuildFile section */
		E11C07572A9907F00024334E /* KFinderApp.swift in Sources */ = {isa = PBXBuildFile; fileRef = E11C07562A9907F00024334E /* KFinderApp.swift */; };
		E11C07592A9907F00024334E /* ContentView.swift in Sources */ = {isa = PBXBuildFile; fileRef = E11C07582A9907F00024334E /* ContentView.swift */; };
		E11C075B2A9907F20024334E /* Assets.xcassets in Resources */ = {isa = PBXBuildFile; fileRef = E11C075A2A9907F20024334E /* Assets.xcassets */; };
		E11C075E2A9907F20024334E /* Preview Assets.xcassets in Resources */ = {isa = PBXBuildFile; fileRef = E11C075D2A9907F20024334E /* Preview Assets.xcassets */; };
		E11C07682A9907F30024334E /* KFinderTests.swift in Sources */ = {isa = PBXBuildFile; fileRef = E11C07672A9907F30024334E /* KFinderTests.swift */; };
		E11C07722A9907F30024334E /* KFinderUITests.swift in Sources */ = {isa = PBXBuildFile; fileRef = E11C07712A9907F30024334E /* KFinderUITests.swift */; };
		E11C07742A9907F30024334E /* KFinderUITestsLaunchTests.swift in Sources */ = {isa = PBXBuildFile; fileRef = E11C07732A9907F30024334E /* KFinderUITestsLaunchTests.swift */; };
		E124336B2AAF9FD00021C5BA /* FDCFoodModel.swift in Sources */ = {isa = PBXBuildFile; fileRef = E124336A2AAF9FD00021C5BA /* FDCFoodModel.swift */; };
		E174C8EA2ACB483A007053E2 /* Localizable.xcstrings in Resources */ = {isa = PBXBuildFile; fileRef = E174C8E92ACB483A007053E2 /* Localizable.xcstrings */; };
		E174C8EC2ACBCFD2007053E2 /* Tabs.swift in Sources */ = {isa = PBXBuildFile; fileRef = E174C8EB2ACBCFD2007053E2 /* Tabs.swift */; };
		E174C8EE2ACBDDB0007053E2 /* Router.swift in Sources */ = {isa = PBXBuildFile; fileRef = E174C8ED2ACBDDB0007053E2 /* Router.swift */; };
		E1A5C2AB2AB94EB60088D5F3 /* FoodSearchCriteria.swift in Sources */ = {isa = PBXBuildFile; fileRef = E1A5C2AA2AB94EB60088D5F3 /* FoodSearchCriteria.swift */; };
		E1A5C2AE2ABA6BF30088D5F3 /* UIApplication+Version.swift in Sources */ = {isa = PBXBuildFile; fileRef = E1A5C2AD2ABA6BF30088D5F3 /* UIApplication+Version.swift */; };
		E1A5C2B02ABA71D40088D5F3 /* InfoPageView.swift in Sources */ = {isa = PBXBuildFile; fileRef = E1A5C2AF2ABA71D40088D5F3 /* InfoPageView.swift */; };
		E1A5C2F32ABE07020088D5F3 /* VitaminKTargetView.swift in Sources */ = {isa = PBXBuildFile; fileRef = E1A5C2F22ABE07020088D5F3 /* VitaminKTargetView.swift */; };
		E1A8A2BB2AF725DD00BEA760 /* UserPreferences.swift in Sources */ = {isa = PBXBuildFile; fileRef = E1A8A2BA2AF725DD00BEA760 /* UserPreferences.swift */; };
		E1B589392AA10A0D00E64F18 /* FoodDataCentralService.swift in Sources */ = {isa = PBXBuildFile; fileRef = E1B589382AA10A0D00E64F18 /* FoodDataCentralService.swift */; };
		E1B5893B2AA16ACD00E64F18 /* FoodsTab.swift in Sources */ = {isa = PBXBuildFile; fileRef = E1B5893A2AA16ACD00E64F18 /* FoodsTab.swift */; };
		E1B5893D2AA16AED00E64F18 /* SettingsTab.swift in Sources */ = {isa = PBXBuildFile; fileRef = E1B5893C2AA16AED00E64F18 /* SettingsTab.swift */; };
		E1B589522AA8C38A00E64F18 /* FoodSearch.swift in Sources */ = {isa = PBXBuildFile; fileRef = E1B589512AA8C38A00E64F18 /* FoodSearch.swift */; };
		E1B589542AA9FBA100E64F18 /* FoodsListCellView.swift in Sources */ = {isa = PBXBuildFile; fileRef = E1B589532AA9FBA100E64F18 /* FoodsListCellView.swift */; };
		E1B589562AA9FE3800E64F18 /* FoodsListView.swift in Sources */ = {isa = PBXBuildFile; fileRef = E1B589552AA9FE3800E64F18 /* FoodsListView.swift */; };
		E1B589582AA9FF7700E64F18 /* FoodDetailView.swift in Sources */ = {isa = PBXBuildFile; fileRef = E1B589572AA9FF7700E64F18 /* FoodDetailView.swift */; };
		E1B5895D2AABAC1C00E64F18 /* Secrets.swift in Sources */ = {isa = PBXBuildFile; fileRef = E1B5895C2AABAC1C00E64F18 /* Secrets.swift */; };
		E1E65D072AB2419B007E30A2 /* LoadingView.swift in Sources */ = {isa = PBXBuildFile; fileRef = E1E65D062AB2419B007E30A2 /* LoadingView.swift */; };
		E1E65D092AB244D5007E30A2 /* DashboardTab.swift in Sources */ = {isa = PBXBuildFile; fileRef = E1E65D082AB244D5007E30A2 /* DashboardTab.swift */; };
		E1FE058F2AB51DB800529B5F /* FoodSearchResult.swift in Sources */ = {isa = PBXBuildFile; fileRef = E1FE058E2AB51DB800529B5F /* FoodSearchResult.swift */; };
		E1FE05932AB51FB900529B5F /* SearchFoodItem.swift in Sources */ = {isa = PBXBuildFile; fileRef = E1FE05922AB51FB900529B5F /* SearchFoodItem.swift */; };
		E1FE05952AB5207B00529B5F /* SearchFoodNutrient.swift in Sources */ = {isa = PBXBuildFile; fileRef = E1FE05942AB5207B00529B5F /* SearchFoodNutrient.swift */; };
		E1FE05992AB5482700529B5F /* FoodHeaderView.swift in Sources */ = {isa = PBXBuildFile; fileRef = E1FE05982AB5482700529B5F /* FoodHeaderView.swift */; };
		E1FE059B2AB548C900529B5F /* FoodNutrientListView.swift in Sources */ = {isa = PBXBuildFile; fileRef = E1FE059A2AB548C900529B5F /* FoodNutrientListView.swift */; };
		E1FE059D2AB5494100529B5F /* FoodNutrientCellView.swift in Sources */ = {isa = PBXBuildFile; fileRef = E1FE059C2AB5494100529B5F /* FoodNutrientCellView.swift */; };
/* End PBXBuildFile section */

/* Begin PBXContainerItemProxy section */
		E11C07642A9907F30024334E /* PBXContainerItemProxy */ = {
			isa = PBXContainerItemProxy;
			containerPortal = E11C074B2A9907EF0024334E /* Project object */;
			proxyType = 1;
			remoteGlobalIDString = E11C07522A9907F00024334E;
			remoteInfo = KFinder;
		};
		E11C076E2A9907F30024334E /* PBXContainerItemProxy */ = {
			isa = PBXContainerItemProxy;
			containerPortal = E11C074B2A9907EF0024334E /* Project object */;
			proxyType = 1;
			remoteGlobalIDString = E11C07522A9907F00024334E;
			remoteInfo = KFinder;
		};
/* End PBXContainerItemProxy section */

/* Begin PBXFileReference section */
		E11C07532A9907F00024334E /* KFinder.app */ = {isa = PBXFileReference; explicitFileType = wrapper.application; includeInIndex = 0; path = KFinder.app; sourceTree = BUILT_PRODUCTS_DIR; };
		E11C07562A9907F00024334E /* KFinderApp.swift */ = {isa = PBXFileReference; lastKnownFileType = sourcecode.swift; path = KFinderApp.swift; sourceTree = "<group>"; };
		E11C07582A9907F00024334E /* ContentView.swift */ = {isa = PBXFileReference; lastKnownFileType = sourcecode.swift; path = ContentView.swift; sourceTree = "<group>"; };
		E11C075A2A9907F20024334E /* Assets.xcassets */ = {isa = PBXFileReference; lastKnownFileType = folder.assetcatalog; path = Assets.xcassets; sourceTree = "<group>"; };
		E11C075D2A9907F20024334E /* Preview Assets.xcassets */ = {isa = PBXFileReference; lastKnownFileType = folder.assetcatalog; path = "Preview Assets.xcassets"; sourceTree = "<group>"; };
		E11C07632A9907F30024334E /* KFinderTests.xctest */ = {isa = PBXFileReference; explicitFileType = wrapper.cfbundle; includeInIndex = 0; path = KFinderTests.xctest; sourceTree = BUILT_PRODUCTS_DIR; };
		E11C07672A9907F30024334E /* KFinderTests.swift */ = {isa = PBXFileReference; lastKnownFileType = sourcecode.swift; path = KFinderTests.swift; sourceTree = "<group>"; };
		E11C076D2A9907F30024334E /* KFinderUITests.xctest */ = {isa = PBXFileReference; explicitFileType = wrapper.cfbundle; includeInIndex = 0; path = KFinderUITests.xctest; sourceTree = BUILT_PRODUCTS_DIR; };
		E11C07712A9907F30024334E /* KFinderUITests.swift */ = {isa = PBXFileReference; lastKnownFileType = sourcecode.swift; path = KFinderUITests.swift; sourceTree = "<group>"; };
		E11C07732A9907F30024334E /* KFinderUITestsLaunchTests.swift */ = {isa = PBXFileReference; lastKnownFileType = sourcecode.swift; path = KFinderUITestsLaunchTests.swift; sourceTree = "<group>"; };
		E124336A2AAF9FD00021C5BA /* FDCFoodModel.swift */ = {isa = PBXFileReference; lastKnownFileType = sourcecode.swift; path = FDCFoodModel.swift; sourceTree = "<group>"; };
		E174C8E92ACB483A007053E2 /* Localizable.xcstrings */ = {isa = PBXFileReference; lastKnownFileType = text.json.xcstrings; path = Localizable.xcstrings; sourceTree = "<group>"; };
		E174C8EB2ACBCFD2007053E2 /* Tabs.swift */ = {isa = PBXFileReference; lastKnownFileType = sourcecode.swift; path = Tabs.swift; sourceTree = "<group>"; };
		E174C8ED2ACBDDB0007053E2 /* Router.swift */ = {isa = PBXFileReference; lastKnownFileType = sourcecode.swift; path = Router.swift; sourceTree = "<group>"; };
		E1A5C2AA2AB94EB60088D5F3 /* FoodSearchCriteria.swift */ = {isa = PBXFileReference; lastKnownFileType = sourcecode.swift; path = FoodSearchCriteria.swift; sourceTree = "<group>"; };
		E1A5C2AD2ABA6BF30088D5F3 /* UIApplication+Version.swift */ = {isa = PBXFileReference; lastKnownFileType = sourcecode.swift; path = "UIApplication+Version.swift"; sourceTree = "<group>"; };
		E1A5C2AF2ABA71D40088D5F3 /* InfoPageView.swift */ = {isa = PBXFileReference; lastKnownFileType = sourcecode.swift; path = InfoPageView.swift; sourceTree = "<group>"; };
		E1A5C2F22ABE07020088D5F3 /* VitaminKTargetView.swift */ = {isa = PBXFileReference; lastKnownFileType = sourcecode.swift; path = VitaminKTargetView.swift; sourceTree = "<group>"; };
		E1A8A2BA2AF725DD00BEA760 /* UserPreferences.swift */ = {isa = PBXFileReference; lastKnownFileType = sourcecode.swift; path = UserPreferences.swift; sourceTree = "<group>"; };
		E1B589382AA10A0D00E64F18 /* FoodDataCentralService.swift */ = {isa = PBXFileReference; lastKnownFileType = sourcecode.swift; path = FoodDataCentralService.swift; sourceTree = "<group>"; };
		E1B5893A2AA16ACD00E64F18 /* FoodsTab.swift */ = {isa = PBXFileReference; lastKnownFileType = sourcecode.swift; path = FoodsTab.swift; sourceTree = "<group>"; };
		E1B5893C2AA16AED00E64F18 /* SettingsTab.swift */ = {isa = PBXFileReference; lastKnownFileType = sourcecode.swift; path = SettingsTab.swift; sourceTree = "<group>"; };
		E1B589512AA8C38A00E64F18 /* FoodSearch.swift */ = {isa = PBXFileReference; lastKnownFileType = sourcecode.swift; path = FoodSearch.swift; sourceTree = "<group>"; };
		E1B589532AA9FBA100E64F18 /* FoodsListCellView.swift */ = {isa = PBXFileReference; lastKnownFileType = sourcecode.swift; path = FoodsListCellView.swift; sourceTree = "<group>"; };
		E1B589552AA9FE3800E64F18 /* FoodsListView.swift */ = {isa = PBXFileReference; lastKnownFileType = sourcecode.swift; path = FoodsListView.swift; sourceTree = "<group>"; };
		E1B589572AA9FF7700E64F18 /* FoodDetailView.swift */ = {isa = PBXFileReference; lastKnownFileType = sourcecode.swift; path = FoodDetailView.swift; sourceTree = "<group>"; };
		E1B5895B2AABA9D800E64F18 /* Secrets.xcconfig */ = {isa = PBXFileReference; lastKnownFileType = text.xcconfig; path = Secrets.xcconfig; sourceTree = "<group>"; };
		E1B5895C2AABAC1C00E64F18 /* Secrets.swift */ = {isa = PBXFileReference; lastKnownFileType = sourcecode.swift; path = Secrets.swift; sourceTree = "<group>"; };
		E1B5895E2AABAE4D00E64F18 /* Info.plist */ = {isa = PBXFileReference; lastKnownFileType = text.plist; path = Info.plist; sourceTree = "<group>"; };
		E1E65D062AB2419B007E30A2 /* LoadingView.swift */ = {isa = PBXFileReference; lastKnownFileType = sourcecode.swift; path = LoadingView.swift; sourceTree = "<group>"; };
		E1E65D082AB244D5007E30A2 /* DashboardTab.swift */ = {isa = PBXFileReference; lastKnownFileType = sourcecode.swift; path = DashboardTab.swift; sourceTree = "<group>"; };
		E1FE058E2AB51DB800529B5F /* FoodSearchResult.swift */ = {isa = PBXFileReference; lastKnownFileType = sourcecode.swift; path = FoodSearchResult.swift; sourceTree = "<group>"; };
		E1FE05922AB51FB900529B5F /* SearchFoodItem.swift */ = {isa = PBXFileReference; lastKnownFileType = sourcecode.swift; path = SearchFoodItem.swift; sourceTree = "<group>"; };
		E1FE05942AB5207B00529B5F /* SearchFoodNutrient.swift */ = {isa = PBXFileReference; lastKnownFileType = sourcecode.swift; path = SearchFoodNutrient.swift; sourceTree = "<group>"; };
		E1FE05982AB5482700529B5F /* FoodHeaderView.swift */ = {isa = PBXFileReference; lastKnownFileType = sourcecode.swift; path = FoodHeaderView.swift; sourceTree = "<group>"; };
		E1FE059A2AB548C900529B5F /* FoodNutrientListView.swift */ = {isa = PBXFileReference; lastKnownFileType = sourcecode.swift; path = FoodNutrientListView.swift; sourceTree = "<group>"; };
		E1FE059C2AB5494100529B5F /* FoodNutrientCellView.swift */ = {isa = PBXFileReference; lastKnownFileType = sourcecode.swift; path = FoodNutrientCellView.swift; sourceTree = "<group>"; };
/* End PBXFileReference section */

/* Begin PBXFrameworksBuildPhase section */
		E11C07502A9907F00024334E /* Frameworks */ = {
			isa = PBXFrameworksBuildPhase;
			buildActionMask = 2147483647;
			files = (
			);
			runOnlyForDeploymentPostprocessing = 0;
		};
		E11C07602A9907F30024334E /* Frameworks */ = {
			isa = PBXFrameworksBuildPhase;
			buildActionMask = 2147483647;
			files = (
			);
			runOnlyForDeploymentPostprocessing = 0;
		};
		E11C076A2A9907F30024334E /* Frameworks */ = {
			isa = PBXFrameworksBuildPhase;
			buildActionMask = 2147483647;
			files = (
			);
			runOnlyForDeploymentPostprocessing = 0;
		};
/* End PBXFrameworksBuildPhase section */

/* Begin PBXGroup section */
		E11C074A2A9907EF0024334E = {
			isa = PBXGroup;
			children = (
				E11C07552A9907F00024334E /* KFinder */,
				E11C07662A9907F30024334E /* KFinderTests */,
				E11C07702A9907F30024334E /* KFinderUITests */,
				E11C07542A9907F00024334E /* Products */,
			);
			sourceTree = "<group>";
		};
		E11C07542A9907F00024334E /* Products */ = {
			isa = PBXGroup;
			children = (
				E11C07532A9907F00024334E /* KFinder.app */,
				E11C07632A9907F30024334E /* KFinderTests.xctest */,
				E11C076D2A9907F30024334E /* KFinderUITests.xctest */,
			);
			name = Products;
			sourceTree = "<group>";
		};
		E11C07552A9907F00024334E /* KFinder */ = {
			isa = PBXGroup;
			children = (
				E1B589462AA7D45400E64F18 /* Application */,
				E11C075A2A9907F20024334E /* Assets.xcassets */,
				E1FE059E2AB54F7900529B5F /* Dashboard */,
				E1B589502AA8BDD500E64F18 /* Foods */,
				E1B5895E2AABAE4D00E64F18 /* Info.plist */,
				E174C8E92ACB483A007053E2 /* Localizable.xcstrings */,
				E12433672AAF82290021C5BA /* Settings */,
				E1E65CFC2AB22F7B007E30A2 /* Shared */,
				E1A5C2AC2ABA6B090088D5F3 /* Utils */,
				E1B5895B2AABA9D800E64F18 /* Secrets.xcconfig */,
				E11C075C2A9907F20024334E /* Preview Content */,
			);
			path = KFinder;
			sourceTree = "<group>";
		};
		E11C075C2A9907F20024334E /* Preview Content */ = {
			isa = PBXGroup;
			children = (
				E11C075D2A9907F20024334E /* Preview Assets.xcassets */,
			);
			path = "Preview Content";
			sourceTree = "<group>";
		};
		E11C07662A9907F30024334E /* KFinderTests */ = {
			isa = PBXGroup;
			children = (
				E11C07672A9907F30024334E /* KFinderTests.swift */,
			);
			path = KFinderTests;
			sourceTree = "<group>";
		};
		E11C07702A9907F30024334E /* KFinderUITests */ = {
			isa = PBXGroup;
			children = (
				E11C07712A9907F30024334E /* KFinderUITests.swift */,
				E11C07732A9907F30024334E /* KFinderUITestsLaunchTests.swift */,
			);
			path = KFinderUITests;
			sourceTree = "<group>";
		};
		E12433672AAF82290021C5BA /* Settings */ = {
			isa = PBXGroup;
			children = (
				E1B5893C2AA16AED00E64F18 /* SettingsTab.swift */,
				E1A5C2F22ABE07020088D5F3 /* VitaminKTargetView.swift */,
				E1A5C2AF2ABA71D40088D5F3 /* InfoPageView.swift */,
			);
			path = Settings;
			sourceTree = "<group>";
		};
		E12433682AAF9DB20021C5BA /* Models */ = {
			isa = PBXGroup;
			children = (
				E1A5C2AA2AB94EB60088D5F3 /* FoodSearchCriteria.swift */,
				E1FE058E2AB51DB800529B5F /* FoodSearchResult.swift */,
				E1FE05922AB51FB900529B5F /* SearchFoodItem.swift */,
				E1FE05942AB5207B00529B5F /* SearchFoodNutrient.swift */,
				E124336A2AAF9FD00021C5BA /* FDCFoodModel.swift */,
			);
			path = Models;
			sourceTree = "<group>";
		};
		E12433692AAF9DEC0021C5BA /* Services */ = {
			isa = PBXGroup;
			children = (
				E1B589382AA10A0D00E64F18 /* FoodDataCentralService.swift */,
				E1A8A2BA2AF725DD00BEA760 /* UserPreferences.swift */,
			);
			path = Services;
			sourceTree = "<group>";
		};
		E1A5C2AC2ABA6B090088D5F3 /* Utils */ = {
			isa = PBXGroup;
			children = (
				E1B5895C2AABAC1C00E64F18 /* Secrets.swift */,
				E1A5C2AD2ABA6BF30088D5F3 /* UIApplication+Version.swift */,
			);
			path = Utils;
			sourceTree = "<group>";
		};
		E1B589462AA7D45400E64F18 /* Application */ = {
			isa = PBXGroup;
			children = (
				E11C07562A9907F00024334E /* KFinderApp.swift */,
				E11C07582A9907F00024334E /* ContentView.swift */,
				E174C8EB2ACBCFD2007053E2 /* Tabs.swift */,
				E174C8ED2ACBDDB0007053E2 /* Router.swift */,
			);
			path = Application;
			sourceTree = "<group>";
		};
		E1B589502AA8BDD500E64F18 /* Foods */ = {
			isa = PBXGroup;
			children = (
				E1B5893A2AA16ACD00E64F18 /* FoodsTab.swift */,
				E1B589552AA9FE3800E64F18 /* FoodsListView.swift */,
				E1B589532AA9FBA100E64F18 /* FoodsListCellView.swift */,
				E1B589572AA9FF7700E64F18 /* FoodDetailView.swift */,
				E1FE05982AB5482700529B5F /* FoodHeaderView.swift */,
				E1FE059A2AB548C900529B5F /* FoodNutrientListView.swift */,
				E1FE059C2AB5494100529B5F /* FoodNutrientCellView.swift */,
				E1B589512AA8C38A00E64F18 /* FoodSearch.swift */,
			);
			path = Foods;
			sourceTree = "<group>";
		};
		E1E65CFC2AB22F7B007E30A2 /* Shared */ = {
			isa = PBXGroup;
			children = (
				E12433682AAF9DB20021C5BA /* Models */,
				E12433692AAF9DEC0021C5BA /* Services */,
				E1E65D052AB2417A007E30A2 /* Views */,
			);
			path = Shared;
			sourceTree = "<group>";
		};
		E1E65D052AB2417A007E30A2 /* Views */ = {
			isa = PBXGroup;
			children = (
				E1E65D062AB2419B007E30A2 /* LoadingView.swift */,
			);
			path = Views;
			sourceTree = "<group>";
		};
		E1FE059E2AB54F7900529B5F /* Dashboard */ = {
			isa = PBXGroup;
			children = (
				E1E65D082AB244D5007E30A2 /* DashboardTab.swift */,
			);
			path = Dashboard;
			sourceTree = "<group>";
		};
/* End PBXGroup section */

/* Begin PBXNativeTarget section */
		E11C07522A9907F00024334E /* KFinder */ = {
			isa = PBXNativeTarget;
			buildConfigurationList = E11C07772A9907F30024334E /* Build configuration list for PBXNativeTarget "KFinder" */;
			buildPhases = (
				E11C074F2A9907F00024334E /* Sources */,
				E11C07502A9907F00024334E /* Frameworks */,
				E11C07512A9907F00024334E /* Resources */,
			);
			buildRules = (
			);
			dependencies = (
			);
			name = KFinder;
			packageProductDependencies = (
			);
			productName = KFinder;
			productReference = E11C07532A9907F00024334E /* KFinder.app */;
			productType = "com.apple.product-type.application";
		};
		E11C07622A9907F30024334E /* KFinderTests */ = {
			isa = PBXNativeTarget;
			buildConfigurationList = E11C077A2A9907F30024334E /* Build configuration list for PBXNativeTarget "KFinderTests" */;
			buildPhases = (
				E11C075F2A9907F30024334E /* Sources */,
				E11C07602A9907F30024334E /* Frameworks */,
				E11C07612A9907F30024334E /* Resources */,
			);
			buildRules = (
			);
			dependencies = (
				E11C07652A9907F30024334E /* PBXTargetDependency */,
			);
			name = KFinderTests;
			productName = KFinderTests;
			productReference = E11C07632A9907F30024334E /* KFinderTests.xctest */;
			productType = "com.apple.product-type.bundle.unit-test";
		};
		E11C076C2A9907F30024334E /* KFinderUITests */ = {
			isa = PBXNativeTarget;
			buildConfigurationList = E11C077D2A9907F30024334E /* Build configuration list for PBXNativeTarget "KFinderUITests" */;
			buildPhases = (
				E11C07692A9907F30024334E /* Sources */,
				E11C076A2A9907F30024334E /* Frameworks */,
				E11C076B2A9907F30024334E /* Resources */,
			);
			buildRules = (
			);
			dependencies = (
				E11C076F2A9907F30024334E /* PBXTargetDependency */,
			);
			name = KFinderUITests;
			productName = KFinderUITests;
			productReference = E11C076D2A9907F30024334E /* KFinderUITests.xctest */;
			productType = "com.apple.product-type.bundle.ui-testing";
		};
/* End PBXNativeTarget section */

/* Begin PBXProject section */
		E11C074B2A9907EF0024334E /* Project object */ = {
			isa = PBXProject;
			attributes = {
				BuildIndependentTargetsInParallel = 1;
				LastSwiftUpdateCheck = 1430;
				LastUpgradeCheck = 1500;
				TargetAttributes = {
					E11C07522A9907F00024334E = {
						CreatedOnToolsVersion = 14.3.1;
					};
					E11C07622A9907F30024334E = {
						CreatedOnToolsVersion = 14.3.1;
						TestTargetID = E11C07522A9907F00024334E;
					};
					E11C076C2A9907F30024334E = {
						CreatedOnToolsVersion = 14.3.1;
						TestTargetID = E11C07522A9907F00024334E;
					};
				};
			};
			buildConfigurationList = E11C074E2A9907EF0024334E /* Build configuration list for PBXProject "KFinder" */;
			compatibilityVersion = "Xcode 14.0";
			developmentRegion = en;
			hasScannedForEncodings = 0;
			knownRegions = (
				en,
				Base,
			);
			mainGroup = E11C074A2A9907EF0024334E;
			packageReferences = (
			);
			productRefGroup = E11C07542A9907F00024334E /* Products */;
			projectDirPath = "";
			projectRoot = "";
			targets = (
				E11C07522A9907F00024334E /* KFinder */,
				E11C07622A9907F30024334E /* KFinderTests */,
				E11C076C2A9907F30024334E /* KFinderUITests */,
			);
		};
/* End PBXProject section */

/* Begin PBXResourcesBuildPhase section */
		E11C07512A9907F00024334E /* Resources */ = {
			isa = PBXResourcesBuildPhase;
			buildActionMask = 2147483647;
			files = (
				E11C075E2A9907F20024334E /* Preview Assets.xcassets in Resources */,
				E11C075B2A9907F20024334E /* Assets.xcassets in Resources */,
				E174C8EA2ACB483A007053E2 /* Localizable.xcstrings in Resources */,
			);
			runOnlyForDeploymentPostprocessing = 0;
		};
		E11C07612A9907F30024334E /* Resources */ = {
			isa = PBXResourcesBuildPhase;
			buildActionMask = 2147483647;
			files = (
			);
			runOnlyForDeploymentPostprocessing = 0;
		};
		E11C076B2A9907F30024334E /* Resources */ = {
			isa = PBXResourcesBuildPhase;
			buildActionMask = 2147483647;
			files = (
			);
			runOnlyForDeploymentPostprocessing = 0;
		};
/* End PBXResourcesBuildPhase section */

/* Begin PBXSourcesBuildPhase section */
		E11C074F2A9907F00024334E /* Sources */ = {
			isa = PBXSourcesBuildPhase;
			buildActionMask = 2147483647;
			files = (
				E1E65D092AB244D5007E30A2 /* DashboardTab.swift in Sources */,
				E1FE059B2AB548C900529B5F /* FoodNutrientListView.swift in Sources */,
				E1FE05952AB5207B00529B5F /* SearchFoodNutrient.swift in Sources */,
				E1A5C2AB2AB94EB60088D5F3 /* FoodSearchCriteria.swift in Sources */,
				E1E65D072AB2419B007E30A2 /* LoadingView.swift in Sources */,
				E1B5895D2AABAC1C00E64F18 /* Secrets.swift in Sources */,
				E174C8EC2ACBCFD2007053E2 /* Tabs.swift in Sources */,
				E1FE058F2AB51DB800529B5F /* FoodSearchResult.swift in Sources */,
				E1B589582AA9FF7700E64F18 /* FoodDetailView.swift in Sources */,
				E1B589542AA9FBA100E64F18 /* FoodsListCellView.swift in Sources */,
				E1FE059D2AB5494100529B5F /* FoodNutrientCellView.swift in Sources */,
				E1FE05932AB51FB900529B5F /* SearchFoodItem.swift in Sources */,
				E1B5893D2AA16AED00E64F18 /* SettingsTab.swift in Sources */,
				E1B589562AA9FE3800E64F18 /* FoodsListView.swift in Sources */,
				E1A5C2F32ABE07020088D5F3 /* VitaminKTargetView.swift in Sources */,
				E1B5893B2AA16ACD00E64F18 /* FoodsTab.swift in Sources */,
				E1A5C2B02ABA71D40088D5F3 /* InfoPageView.swift in Sources */,
				E1B589522AA8C38A00E64F18 /* FoodSearch.swift in Sources */,
				E1B589392AA10A0D00E64F18 /* FoodDataCentralService.swift in Sources */,
				E174C8EE2ACBDDB0007053E2 /* Router.swift in Sources */,
				E124336B2AAF9FD00021C5BA /* FDCFoodModel.swift in Sources */,
				E11C07592A9907F00024334E /* ContentView.swift in Sources */,
				E1A8A2BB2AF725DD00BEA760 /* UserPreferences.swift in Sources */,
				E11C07572A9907F00024334E /* KFinderApp.swift in Sources */,
				E1A5C2AE2ABA6BF30088D5F3 /* UIApplication+Version.swift in Sources */,
				E1FE05992AB5482700529B5F /* FoodHeaderView.swift in Sources */,
			);
			runOnlyForDeploymentPostprocessing = 0;
		};
		E11C075F2A9907F30024334E /* Sources */ = {
			isa = PBXSourcesBuildPhase;
			buildActionMask = 2147483647;
			files = (
				E11C07682A9907F30024334E /* KFinderTests.swift in Sources */,
			);
			runOnlyForDeploymentPostprocessing = 0;
		};
		E11C07692A9907F30024334E /* Sources */ = {
			isa = PBXSourcesBuildPhase;
			buildActionMask = 2147483647;
			files = (
				E11C07742A9907F30024334E /* KFinderUITestsLaunchTests.swift in Sources */,
				E11C07722A9907F30024334E /* KFinderUITests.swift in Sources */,
			);
			runOnlyForDeploymentPostprocessing = 0;
		};
/* End PBXSourcesBuildPhase section */

/* Begin PBXTargetDependency section */
		E11C07652A9907F30024334E /* PBXTargetDependency */ = {
			isa = PBXTargetDependency;
			target = E11C07522A9907F00024334E /* KFinder */;
			targetProxy = E11C07642A9907F30024334E /* PBXContainerItemProxy */;
		};
		E11C076F2A9907F30024334E /* PBXTargetDependency */ = {
			isa = PBXTargetDependency;
			target = E11C07522A9907F00024334E /* KFinder */;
			targetProxy = E11C076E2A9907F30024334E /* PBXContainerItemProxy */;
		};
/* End PBXTargetDependency section */

/* Begin XCBuildConfiguration section */
		E11C07752A9907F30024334E /* Debug */ = {
			isa = XCBuildConfiguration;
			baseConfigurationReference = E1B5895B2AABA9D800E64F18 /* Secrets.xcconfig */;
			buildSettings = {
				ALWAYS_SEARCH_USER_PATHS = NO;
				CLANG_ANALYZER_NONNULL = YES;
				CLANG_ANALYZER_NUMBER_OBJECT_CONVERSION = YES_AGGRESSIVE;
				CLANG_CXX_LANGUAGE_STANDARD = "gnu++20";
				CLANG_ENABLE_MODULES = YES;
				CLANG_ENABLE_OBJC_ARC = YES;
				CLANG_ENABLE_OBJC_WEAK = YES;
				CLANG_WARN_BLOCK_CAPTURE_AUTORELEASING = YES;
				CLANG_WARN_BOOL_CONVERSION = YES;
				CLANG_WARN_COMMA = YES;
				CLANG_WARN_CONSTANT_CONVERSION = YES;
				CLANG_WARN_DEPRECATED_OBJC_IMPLEMENTATIONS = YES;
				CLANG_WARN_DIRECT_OBJC_ISA_USAGE = YES_ERROR;
				CLANG_WARN_DOCUMENTATION_COMMENTS = YES;
				CLANG_WARN_EMPTY_BODY = YES;
				CLANG_WARN_ENUM_CONVERSION = YES;
				CLANG_WARN_INFINITE_RECURSION = YES;
				CLANG_WARN_INT_CONVERSION = YES;
				CLANG_WARN_NON_LITERAL_NULL_CONVERSION = YES;
				CLANG_WARN_OBJC_IMPLICIT_RETAIN_SELF = YES;
				CLANG_WARN_OBJC_LITERAL_CONVERSION = YES;
				CLANG_WARN_OBJC_ROOT_CLASS = YES_ERROR;
				CLANG_WARN_QUOTED_INCLUDE_IN_FRAMEWORK_HEADER = YES;
				CLANG_WARN_RANGE_LOOP_ANALYSIS = YES;
				CLANG_WARN_STRICT_PROTOTYPES = YES;
				CLANG_WARN_SUSPICIOUS_MOVE = YES;
				CLANG_WARN_UNGUARDED_AVAILABILITY = YES_AGGRESSIVE;
				CLANG_WARN_UNREACHABLE_CODE = YES;
				CLANG_WARN__DUPLICATE_METHOD_MATCH = YES;
				COPY_PHASE_STRIP = NO;
				DEBUG_INFORMATION_FORMAT = dwarf;
				ENABLE_STRICT_OBJC_MSGSEND = YES;
				ENABLE_TESTABILITY = YES;
				ENABLE_USER_SCRIPT_SANDBOXING = YES;
				GCC_C_LANGUAGE_STANDARD = gnu11;
				GCC_DYNAMIC_NO_PIC = NO;
				GCC_NO_COMMON_BLOCKS = YES;
				GCC_OPTIMIZATION_LEVEL = 0;
				GCC_PREPROCESSOR_DEFINITIONS = (
					"DEBUG=1",
					"$(inherited)",
				);
				GCC_WARN_64_TO_32_BIT_CONVERSION = YES;
				GCC_WARN_ABOUT_RETURN_TYPE = YES_ERROR;
				GCC_WARN_UNDECLARED_SELECTOR = YES;
				GCC_WARN_UNINITIALIZED_AUTOS = YES_AGGRESSIVE;
				GCC_WARN_UNUSED_FUNCTION = YES;
				GCC_WARN_UNUSED_VARIABLE = YES;
				IPHONEOS_DEPLOYMENT_TARGET = 17.0;
				MTL_ENABLE_DEBUG_INFO = INCLUDE_SOURCE;
				MTL_FAST_MATH = YES;
				ONLY_ACTIVE_ARCH = YES;
				SDKROOT = iphoneos;
				SWIFT_ACTIVE_COMPILATION_CONDITIONS = DEBUG;
				SWIFT_OPTIMIZATION_LEVEL = "-Onone";
			};
			name = Debug;
		};
		E11C07762A9907F30024334E /* Release */ = {
			isa = XCBuildConfiguration;
			baseConfigurationReference = E1B5895B2AABA9D800E64F18 /* Secrets.xcconfig */;
			buildSettings = {
				ALWAYS_SEARCH_USER_PATHS = NO;
				CLANG_ANALYZER_NONNULL = YES;
				CLANG_ANALYZER_NUMBER_OBJECT_CONVERSION = YES_AGGRESSIVE;
				CLANG_CXX_LANGUAGE_STANDARD = "gnu++20";
				CLANG_ENABLE_MODULES = YES;
				CLANG_ENABLE_OBJC_ARC = YES;
				CLANG_ENABLE_OBJC_WEAK = YES;
				CLANG_WARN_BLOCK_CAPTURE_AUTORELEASING = YES;
				CLANG_WARN_BOOL_CONVERSION = YES;
				CLANG_WARN_COMMA = YES;
				CLANG_WARN_CONSTANT_CONVERSION = YES;
				CLANG_WARN_DEPRECATED_OBJC_IMPLEMENTATIONS = YES;
				CLANG_WARN_DIRECT_OBJC_ISA_USAGE = YES_ERROR;
				CLANG_WARN_DOCUMENTATION_COMMENTS = YES;
				CLANG_WARN_EMPTY_BODY = YES;
				CLANG_WARN_ENUM_CONVERSION = YES;
				CLANG_WARN_INFINITE_RECURSION = YES;
				CLANG_WARN_INT_CONVERSION = YES;
				CLANG_WARN_NON_LITERAL_NULL_CONVERSION = YES;
				CLANG_WARN_OBJC_IMPLICIT_RETAIN_SELF = YES;
				CLANG_WARN_OBJC_LITERAL_CONVERSION = YES;
				CLANG_WARN_OBJC_ROOT_CLASS = YES_ERROR;
				CLANG_WARN_QUOTED_INCLUDE_IN_FRAMEWORK_HEADER = YES;
				CLANG_WARN_RANGE_LOOP_ANALYSIS = YES;
				CLANG_WARN_STRICT_PROTOTYPES = YES;
				CLANG_WARN_SUSPICIOUS_MOVE = YES;
				CLANG_WARN_UNGUARDED_AVAILABILITY = YES_AGGRESSIVE;
				CLANG_WARN_UNREACHABLE_CODE = YES;
				CLANG_WARN__DUPLICATE_METHOD_MATCH = YES;
				COPY_PHASE_STRIP = NO;
				DEBUG_INFORMATION_FORMAT = "dwarf-with-dsym";
				ENABLE_NS_ASSERTIONS = NO;
				ENABLE_STRICT_OBJC_MSGSEND = YES;
				ENABLE_USER_SCRIPT_SANDBOXING = YES;
				GCC_C_LANGUAGE_STANDARD = gnu11;
				GCC_NO_COMMON_BLOCKS = YES;
				GCC_WARN_64_TO_32_BIT_CONVERSION = YES;
				GCC_WARN_ABOUT_RETURN_TYPE = YES_ERROR;
				GCC_WARN_UNDECLARED_SELECTOR = YES;
				GCC_WARN_UNINITIALIZED_AUTOS = YES_AGGRESSIVE;
				GCC_WARN_UNUSED_FUNCTION = YES;
				GCC_WARN_UNUSED_VARIABLE = YES;
				IPHONEOS_DEPLOYMENT_TARGET = 17.0;
				MTL_ENABLE_DEBUG_INFO = NO;
				MTL_FAST_MATH = YES;
				SDKROOT = iphoneos;
				SWIFT_COMPILATION_MODE = wholemodule;
				SWIFT_OPTIMIZATION_LEVEL = "-O";
				VALIDATE_PRODUCT = YES;
			};
			name = Release;
		};
		E11C07782A9907F30024334E /* Debug */ = {
			isa = XCBuildConfiguration;
			buildSettings = {
				ASSETCATALOG_COMPILER_APPICON_NAME = AppIcon;
				ASSETCATALOG_COMPILER_GLOBAL_ACCENT_COLOR_NAME = AccentColor;
				CODE_SIGN_STYLE = Automatic;
				CURRENT_PROJECT_VERSION = 1;
				DEVELOPMENT_ASSET_PATHS = "\"KFinder/Preview Content\"";
				DEVELOPMENT_TEAM = 94GENMY2GG;
				ENABLE_PREVIEWS = YES;
				GENERATE_INFOPLIST_FILE = YES;
				INFOPLIST_FILE = KFinder/Info.plist;
				INFOPLIST_KEY_LSApplicationCategoryType = "";
				INFOPLIST_KEY_UIApplicationSceneManifest_Generation = YES;
				INFOPLIST_KEY_UIApplicationSupportsIndirectInputEvents = YES;
				INFOPLIST_KEY_UILaunchScreen_Generation = YES;
				INFOPLIST_KEY_UISupportedInterfaceOrientations_iPad = "UIInterfaceOrientationPortrait UIInterfaceOrientationPortraitUpsideDown UIInterfaceOrientationLandscapeLeft UIInterfaceOrientationLandscapeRight";
				INFOPLIST_KEY_UISupportedInterfaceOrientations_iPhone = "UIInterfaceOrientationPortrait UIInterfaceOrientationLandscapeLeft UIInterfaceOrientationLandscapeRight";
				IPHONEOS_DEPLOYMENT_TARGET = 17.0;
				LD_RUNPATH_SEARCH_PATHS = (
					"$(inherited)",
					"@executable_path/Frameworks",
				);
				MARKETING_VERSION = 1.0;
				PRODUCT_BUNDLE_IDENTIFIER = dev.eclectic.KFinder;
				PRODUCT_NAME = "$(TARGET_NAME)";
				SWIFT_EMIT_LOC_STRINGS = YES;
				SWIFT_VERSION = 5.0;
				TARGETED_DEVICE_FAMILY = "1,2";
			};
			name = Debug;
		};
		E11C07792A9907F30024334E /* Release */ = {
			isa = XCBuildConfiguration;
			buildSettings = {
				ASSETCATALOG_COMPILER_APPICON_NAME = AppIcon;
				ASSETCATALOG_COMPILER_GLOBAL_ACCENT_COLOR_NAME = AccentColor;
				CODE_SIGN_STYLE = Automatic;
				CURRENT_PROJECT_VERSION = 1;
				DEVELOPMENT_ASSET_PATHS = "\"KFinder/Preview Content\"";
				DEVELOPMENT_TEAM = 94GENMY2GG;
				ENABLE_PREVIEWS = YES;
				GENERATE_INFOPLIST_FILE = YES;
				INFOPLIST_FILE = KFinder/Info.plist;
				INFOPLIST_KEY_LSApplicationCategoryType = "";
				INFOPLIST_KEY_UIApplicationSceneManifest_Generation = YES;
				INFOPLIST_KEY_UIApplicationSupportsIndirectInputEvents = YES;
				INFOPLIST_KEY_UILaunchScreen_Generation = YES;
				INFOPLIST_KEY_UISupportedInterfaceOrientations_iPad = "UIInterfaceOrientationPortrait UIInterfaceOrientationPortraitUpsideDown UIInterfaceOrientationLandscapeLeft UIInterfaceOrientationLandscapeRight";
				INFOPLIST_KEY_UISupportedInterfaceOrientations_iPhone = "UIInterfaceOrientationPortrait UIInterfaceOrientationLandscapeLeft UIInterfaceOrientationLandscapeRight";
				IPHONEOS_DEPLOYMENT_TARGET = 17.0;
				LD_RUNPATH_SEARCH_PATHS = (
					"$(inherited)",
					"@executable_path/Frameworks",
				);
				MARKETING_VERSION = 1.0;
				PRODUCT_BUNDLE_IDENTIFIER = dev.eclectic.KFinder;
				PRODUCT_NAME = "$(TARGET_NAME)";
				SWIFT_EMIT_LOC_STRINGS = YES;
				SWIFT_VERSION = 5.0;
				TARGETED_DEVICE_FAMILY = "1,2";
			};
			name = Release;
		};
		E11C077B2A9907F30024334E /* Debug */ = {
			isa = XCBuildConfiguration;
			buildSettings = {
				ALWAYS_EMBED_SWIFT_STANDARD_LIBRARIES = YES;
				BUNDLE_LOADER = "$(TEST_HOST)";
				CODE_SIGN_STYLE = Automatic;
				CURRENT_PROJECT_VERSION = 1;
				DEVELOPMENT_TEAM = 94GENMY2GG;
				GENERATE_INFOPLIST_FILE = YES;
				IPHONEOS_DEPLOYMENT_TARGET = 16.4;
				MARKETING_VERSION = 1.0;
				PRODUCT_BUNDLE_IDENTIFIER = dev.eclectic.KFinderTests;
				PRODUCT_NAME = "$(TARGET_NAME)";
				SWIFT_EMIT_LOC_STRINGS = NO;
				SWIFT_VERSION = 5.0;
				TARGETED_DEVICE_FAMILY = "1,2";
				TEST_HOST = "$(BUILT_PRODUCTS_DIR)/KFinder.app/$(BUNDLE_EXECUTABLE_FOLDER_PATH)/KFinder";
			};
			name = Debug;
		};
		E11C077C2A9907F30024334E /* Release */ = {
			isa = XCBuildConfiguration;
			buildSettings = {
				ALWAYS_EMBED_SWIFT_STANDARD_LIBRARIES = YES;
				BUNDLE_LOADER = "$(TEST_HOST)";
				CODE_SIGN_STYLE = Automatic;
				CURRENT_PROJECT_VERSION = 1;
				DEVELOPMENT_TEAM = 94GENMY2GG;
				GENERATE_INFOPLIST_FILE = YES;
				IPHONEOS_DEPLOYMENT_TARGET = 16.4;
				MARKETING_VERSION = 1.0;
				PRODUCT_BUNDLE_IDENTIFIER = dev.eclectic.KFinderTests;
				PRODUCT_NAME = "$(TARGET_NAME)";
				SWIFT_EMIT_LOC_STRINGS = NO;
				SWIFT_VERSION = 5.0;
				TARGETED_DEVICE_FAMILY = "1,2";
				TEST_HOST = "$(BUILT_PRODUCTS_DIR)/KFinder.app/$(BUNDLE_EXECUTABLE_FOLDER_PATH)/KFinder";
			};
			name = Release;
		};
		E11C077E2A9907F30024334E /* Debug */ = {
			isa = XCBuildConfiguration;
			buildSettings = {
				ALWAYS_EMBED_SWIFT_STANDARD_LIBRARIES = YES;
				CODE_SIGN_STYLE = Automatic;
				CURRENT_PROJECT_VERSION = 1;
				DEVELOPMENT_TEAM = 94GENMY2GG;
				GENERATE_INFOPLIST_FILE = YES;
				MARKETING_VERSION = 1.0;
				PRODUCT_BUNDLE_IDENTIFIER = dev.eclectic.KFinderUITests;
				PRODUCT_NAME = "$(TARGET_NAME)";
				SWIFT_EMIT_LOC_STRINGS = NO;
				SWIFT_VERSION = 5.0;
				TARGETED_DEVICE_FAMILY = "1,2";
				TEST_TARGET_NAME = KFinder;
			};
			name = Debug;
		};
		E11C077F2A9907F30024334E /* Release */ = {
			isa = XCBuildConfiguration;
			buildSettings = {
				ALWAYS_EMBED_SWIFT_STANDARD_LIBRARIES = YES;
				CODE_SIGN_STYLE = Automatic;
				CURRENT_PROJECT_VERSION = 1;
				DEVELOPMENT_TEAM = 94GENMY2GG;
				GENERATE_INFOPLIST_FILE = YES;
				MARKETING_VERSION = 1.0;
				PRODUCT_BUNDLE_IDENTIFIER = dev.eclectic.KFinderUITests;
				PRODUCT_NAME = "$(TARGET_NAME)";
				SWIFT_EMIT_LOC_STRINGS = NO;
				SWIFT_VERSION = 5.0;
				TARGETED_DEVICE_FAMILY = "1,2";
				TEST_TARGET_NAME = KFinder;
			};
			name = Release;
		};
/* End XCBuildConfiguration section */

/* Begin XCConfigurationList section */
		E11C074E2A9907EF0024334E /* Build configuration list for PBXProject "KFinder" */ = {
			isa = XCConfigurationList;
			buildConfigurations = (
				E11C07752A9907F30024334E /* Debug */,
				E11C07762A9907F30024334E /* Release */,
			);
			defaultConfigurationIsVisible = 0;
			defaultConfigurationName = Release;
		};
		E11C07772A9907F30024334E /* Build configuration list for PBXNativeTarget "KFinder" */ = {
			isa = XCConfigurationList;
			buildConfigurations = (
				E11C07782A9907F30024334E /* Debug */,
				E11C07792A9907F30024334E /* Release */,
			);
			defaultConfigurationIsVisible = 0;
			defaultConfigurationName = Release;
		};
		E11C077A2A9907F30024334E /* Build configuration list for PBXNativeTarget "KFinderTests" */ = {
			isa = XCConfigurationList;
			buildConfigurations = (
				E11C077B2A9907F30024334E /* Debug */,
				E11C077C2A9907F30024334E /* Release */,
			);
			defaultConfigurationIsVisible = 0;
			defaultConfigurationName = Release;
		};
		E11C077D2A9907F30024334E /* Build configuration list for PBXNativeTarget "KFinderUITests" */ = {
			isa = XCConfigurationList;
			buildConfigurations = (
				E11C077E2A9907F30024334E /* Debug */,
				E11C077F2A9907F30024334E /* Release */,
			);
			defaultConfigurationIsVisible = 0;
			defaultConfigurationName = Release;
		};
/* End XCConfigurationList section */
	};
	rootObject = E11C074B2A9907EF0024334E /* Project object */;
}
